
Microsoft Visual Studio Solution File, Format Version 12.00
# Visual Studio Version 16
VisualStudioVersion = 16.0.28803.156
MinimumVisualStudioVersion = 10.0.40219.1
Project("{FAE04EC0-301F-11D3-BF4B-00C04F79EFBC}") = "MailSender.Console", "MailSender.Console\MailSender.Console.csproj", "{8B7DB8F7-20D4-4FF2-89A1-3B80B347E9CE}"
EndProject
Project("{2150E333-8FDC-42A3-9474-1A3956D46DE8}") = "Service", "Service", "{5E026847-9A83-4BC4-ACB0-32BF80EF2209}"
EndProject
Project("{FAE04EC0-301F-11D3-BF4B-00C04F79EFBC}") = "MailSender.WPF.Test", "MailSender.WPF.Test\MailSender.WPF.Test.csproj", "{1B52B045-5D39-4BFE-886A-21144B8C1740}"
EndProject
Project("{FAE04EC0-301F-11D3-BF4B-00C04F79EFBC}") = "MailSender.WPF", "MailSender.WPF\MailSender.WPF.csproj", "{546B437A-8B2E-4474-8E4E-8657020D2225}"
EndProject
Project("{FAE04EC0-301F-11D3-BF4B-00C04F79EFBC}") = "MailSender.lib", "MailSender.lib\MailSender.lib.csproj", "{CEB03BD9-702B-4056-8EDB-52657CA53BB8}"
EndProject
Project("{2150E333-8FDC-42A3-9474-1A3956D46DE8}") = "Tests", "Tests", "{E0FE32F3-4108-4C80-BF28-162FF01A5349}"
EndProject
Project("{FAE04EC0-301F-11D3-BF4B-00C04F79EFBC}") = "MailSender.WPF.Tests", "Tests\MailSender.WPF.Tests\MailSender.WPF.Tests.csproj", "{C890CD00-64AF-4F58-9BB8-178A34198E95}"
EndProject
Project("{FAE04EC0-301F-11D3-BF4B-00C04F79EFBC}") = "MailSender.lib.Tests", "Tests\MailSender.lib.Tests\MailSender.lib.Tests.csproj", "{9265B11E-A846-47A5-A41D-DD12844E5418}"
EndProject
Project("{FAE04EC0-301F-11D3-BF4B-00C04F79EFBC}") = "TestLibrarry", "TestLibrarry\TestLibrarry.csproj", "{33B32D0C-00CA-443E-B93F-DA59C6A6F3CB}"
EndProject
Global
	GlobalSection(SolutionConfigurationPlatforms) = preSolution
		Debug|Any CPU = Debug|Any CPU
		Release|Any CPU = Release|Any CPU
	EndGlobalSection
	GlobalSection(ProjectConfigurationPlatforms) = postSolution
		{8B7DB8F7-20D4-4FF2-89A1-3B80B347E9CE}.Debug|Any CPU.ActiveCfg = Debug|Any CPU
		{8B7DB8F7-20D4-4FF2-89A1-3B80B347E9CE}.Debug|Any CPU.Build.0 = Debug|Any CPU
		{8B7DB8F7-20D4-4FF2-89A1-3B80B347E9CE}.Release|Any CPU.ActiveCfg = Release|Any CPU
		{8B7DB8F7-20D4-4FF2-89A1-3B80B347E9CE}.Release|Any CPU.Build.0 = Release|Any CPU
		{1B52B045-5D39-4BFE-886A-21144B8C1740}.Debug|Any CPU.ActiveCfg = Debug|Any CPU
		{1B52B045-5D39-4BFE-886A-21144B8C1740}.Debug|Any CPU.Build.0 = Debug|Any CPU
		{1B52B045-5D39-4BFE-886A-21144B8C1740}.Release|Any CPU.ActiveCfg = Release|Any CPU
		{1B52B045-5D39-4BFE-886A-21144B8C1740}.Release|Any CPU.Build.0 = Release|Any CPU
		{546B437A-8B2E-4474-8E4E-8657020D2225}.Debug|Any CPU.ActiveCfg = Debug|Any CPU
		{546B437A-8B2E-4474-8E4E-8657020D2225}.Debug|Any CPU.Build.0 = Debug|Any CPU
		{546B437A-8B2E-4474-8E4E-8657020D2225}.Release|Any CPU.ActiveCfg = Release|Any CPU
		{546B437A-8B2E-4474-8E4E-8657020D2225}.Release|Any CPU.Build.0 = Release|Any CPU
		{CEB03BD9-702B-4056-8EDB-52657CA53BB8}.Debug|Any CPU.ActiveCfg = Debug|Any CPU
		{CEB03BD9-702B-4056-8EDB-52657CA53BB8}.Debug|Any CPU.Build.0 = Debug|Any CPU
		{CEB03BD9-702B-4056-8EDB-52657CA53BB8}.Release|Any CPU.ActiveCfg = Release|Any CPU
		{CEB03BD9-702B-4056-8EDB-52657CA53BB8}.Release|Any CPU.Build.0 = Release|Any CPU
		{C890CD00-64AF-4F58-9BB8-178A34198E95}.Debug|Any CPU.ActiveCfg = Debug|Any CPU
		{C890CD00-64AF-4F58-9BB8-178A34198E95}.Debug|Any CPU.Build.0 = Debug|Any CPU
		{C890CD00-64AF-4F58-9BB8-178A34198E95}.Release|Any CPU.ActiveCfg = Release|Any CPU
		{C890CD00-64AF-4F58-9BB8-178A34198E95}.Release|Any CPU.Build.0 = Release|Any CPU
		{9265B11E-A846-47A5-A41D-DD12844E5418}.Debug|Any CPU.ActiveCfg = Debug|Any CPU
		{9265B11E-A846-47A5-A41D-DD12844E5418}.Debug|Any CPU.Build.0 = Debug|Any CPU
		{9265B11E-A846-47A5-A41D-DD12844E5418}.Release|Any CPU.ActiveCfg = Release|Any CPU
		{9265B11E-A846-47A5-A41D-DD12844E5418}.Release|Any CPU.Build.0 = Release|Any CPU
		{33B32D0C-00CA-443E-B93F-DA59C6A6F3CB}.Debug|Any CPU.ActiveCfg = Debug|Any CPU
		{33B32D0C-00CA-443E-B93F-DA59C6A6F3CB}.Debug|Any CPU.Build.0 = Debug|Any CPU
		{33B32D0C-00CA-443E-B93F-DA59C6A6F3CB}.Release|Any CPU.ActiveCfg = Release|Any CPU
		{33B32D0C-00CA-443E-B93F-DA59C6A6F3CB}.Release|Any CPU.Build.0 = Release|Any CPU
	EndGlobalSection
	GlobalSection(SolutionProperties) = preSolution
		HideSolutionNode = FALSE
	EndGlobalSection
	GlobalSection(NestedProjects) = preSolution
		{8B7DB8F7-20D4-4FF2-89A1-3B80B347E9CE} = {5E026847-9A83-4BC4-ACB0-32BF80EF2209}
		{1B52B045-5D39-4BFE-886A-21144B8C1740} = {5E026847-9A83-4BC4-ACB0-32BF80EF2209}
		{C890CD00-64AF-4F58-9BB8-178A34198E95} = {E0FE32F3-4108-4C80-BF28-162FF01A5349}
		{9265B11E-A846-47A5-A41D-DD12844E5418} = {E0FE32F3-4108-4C80-BF28-162FF01A5349}
		{33B32D0C-00CA-443E-B93F-DA59C6A6F3CB} = {5E026847-9A83-4BC4-ACB0-32BF80EF2209}
	EndGlobalSection
	GlobalSection(ExtensibilityGlobals) = postSolution
		SolutionGuid = {659E25F3-BBAA-4EE4-B40A-279C20E82D49}
	EndGlobalSection
EndGlobal
